
Microsoft Visual Studio Solution File, Format Version 12.00
# Visual Studio Version 16
VisualStudioVersion = 16.0.29613.14
MinimumVisualStudioVersion = 10.0.40219.1
Project("{FAE04EC0-301F-11D3-BF4B-00C04F79EFBC}") = "CRMServer.Api", "CRMServer.Api\CRMServer.Api.csproj", "{5205ACA3-248B-49DE-A35D-846C1B3E6D79}"
EndProject
Project("{FAE04EC0-301F-11D3-BF4B-00C04F79EFBC}") = "CRMServer.Shared", "CRMServer.Shared\CRMServer.Shared.csproj", "{A7566CE3-1AED-4B6D-AFFA-0985ADA9A673}"
EndProject
Global
	GlobalSection(SolutionConfigurationPlatforms) = preSolution
		Debug|Any CPU = Debug|Any CPU
		Release|Any CPU = Release|Any CPU
	EndGlobalSection
	GlobalSection(ProjectConfigurationPlatforms) = postSolution
		{5205ACA3-248B-49DE-A35D-846C1B3E6D79}.Debug|Any CPU.ActiveCfg = Debug|Any CPU
		{5205ACA3-248B-49DE-A35D-846C1B3E6D79}.Debug|Any CPU.Build.0 = Debug|Any CPU
		{5205ACA3-248B-49DE-A35D-846C1B3E6D79}.Release|Any CPU.ActiveCfg = Release|Any CPU
		{5205ACA3-248B-49DE-A35D-846C1B3E6D79}.Release|Any CPU.Build.0 = Release|Any CPU
		{A7566CE3-1AED-4B6D-AFFA-0985ADA9A673}.Debug|Any CPU.ActiveCfg = Debug|Any CPU
		{A7566CE3-1AED-4B6D-AFFA-0985ADA9A673}.Debug|Any CPU.Build.0 = Debug|Any CPU
		{A7566CE3-1AED-4B6D-AFFA-0985ADA9A673}.Release|Any CPU.ActiveCfg = Release|Any CPU
		{A7566CE3-1AED-4B6D-AFFA-0985ADA9A673}.Release|Any CPU.Build.0 = Release|Any CPU
	EndGlobalSection
	GlobalSection(SolutionProperties) = preSolution
		HideSolutionNode = FALSE
	EndGlobalSection
	GlobalSection(ExtensibilityGlobals) = postSolution
		SolutionGuid = {907EB7B1-176A-4E67-ADFE-9B9EBA5DC98D}
	EndGlobalSection
EndGlobal
